// !$*UTF8*$!
{
	archiveVersion = 1;
	classes = {
	};
	objectVersion = 47;
	objects = {

/* Begin PBXBuildFile section */
		1F209AD01CAB79D70011D40B /* adler32.c in Sources */ = {isa = PBXBuildFile; fileRef = 1F209ABB1CAB79D70011D40B /* adler32.c */; };
		1F209AD11CAB79D70011D40B /* compress.c in Sources */ = {isa = PBXBuildFile; fileRef = 1F209ABC1CAB79D70011D40B /* compress.c */; };
		1F209AD21CAB79D70011D40B /* crc32.c in Sources */ = {isa = PBXBuildFile; fileRef = 1F209ABD1CAB79D70011D40B /* crc32.c */; };
		1F209AD31CAB79D70011D40B /* deflate.c in Sources */ = {isa = PBXBuildFile; fileRef = 1F209ABF1CAB79D70011D40B /* deflate.c */; };
		1F209AD41CAB79D70011D40B /* infback.c in Sources */ = {isa = PBXBuildFile; fileRef = 1F209AC11CAB79D70011D40B /* infback.c */; };
		1F209AD51CAB79D70011D40B /* inffast.c in Sources */ = {isa = PBXBuildFile; fileRef = 1F209AC21CAB79D70011D40B /* inffast.c */; };
		1F209AD61CAB79D70011D40B /* inflate.c in Sources */ = {isa = PBXBuildFile; fileRef = 1F209AC51CAB79D70011D40B /* inflate.c */; };
		1F209AD71CAB79D70011D40B /* inftrees.c in Sources */ = {isa = PBXBuildFile; fileRef = 1F209AC71CAB79D70011D40B /* inftrees.c */; };
		1F209AD81CAB79D70011D40B /* trees.c in Sources */ = {isa = PBXBuildFile; fileRef = 1F209AC91CAB79D70011D40B /* trees.c */; };
		1F209AD91CAB79D70011D40B /* uncompr.c in Sources */ = {isa = PBXBuildFile; fileRef = 1F209ACB1CAB79D70011D40B /* uncompr.c */; };
		1F209ADA1CAB79D70011D40B /* zutil.c in Sources */ = {isa = PBXBuildFile; fileRef = 1F209ACE1CAB79D70011D40B /* zutil.c */; };
		1F209ADD1CAB7A0A0011D40B /* compress.cpp in Sources */ = {isa = PBXBuildFile; fileRef = 1F209ADB1CAB7A0A0011D40B /* compress.cpp */; };
		1F3E93B91C2D3925000EF4FA /* boost.framework in Frameworks */ = {isa = PBXBuildFile; fileRef = 1F3E93B81C2D3925000EF4FA /* boost.framework */; };
		1FB1973C1C2CDE4300CFC44F /* bizlayer.h in CopyFiles */ = {isa = PBXBuildFile; fileRef = 1FB1973B1C2CDE4300CFC44F /* bizlayer.h */; };
		1FB1973E1C2CDE4300CFC44F /* bizlayer.mm in Sources */ = {isa = PBXBuildFile; fileRef = 1FB1973D1C2CDE4300CFC44F /* bizlayer.mm */; };
		1FB197581C2CE4FE00CFC44F /* JsonHelper.m in Sources */ = {isa = PBXBuildFile; fileRef = 1FB197551C2CE4FE00CFC44F /* JsonHelper.m */; };
		1FB198001C2CF86500CFC44F /* cmd_factory.cpp in Sources */ = {isa = PBXBuildFile; fileRef = 1FB197A81C2CF86500CFC44F /* cmd_factory.cpp */; };
		1FB198021C2CF86500CFC44F /* common.cpp in Sources */ = {isa = PBXBuildFile; fileRef = 1FB197AD1C2CF86500CFC44F /* common.cpp */; };
		1FB198041C2CF86500CFC44F /* log.cpp in Sources */ = {isa = PBXBuildFile; fileRef = 1FB197B31C2CF86500CFC44F /* log.cpp */; };
		1FB198051C2CF86500CFC44F /* log_wrap.cpp in Sources */ = {isa = PBXBuildFile; fileRef = 1FB197B51C2CF86500CFC44F /* log_wrap.cpp */; };
		1FB198061C2CF86500CFC44F /* lapi.c in Sources */ = {isa = PBXBuildFile; fileRef = 1FB197B81C2CF86500CFC44F /* lapi.c */; };
		1FB198071C2CF86500CFC44F /* lauxlib.c in Sources */ = {isa = PBXBuildFile; fileRef = 1FB197BA1C2CF86500CFC44F /* lauxlib.c */; };
		1FB198081C2CF86500CFC44F /* lbaselib.c in Sources */ = {isa = PBXBuildFile; fileRef = 1FB197BC1C2CF86500CFC44F /* lbaselib.c */; };
		1FB198091C2CF86500CFC44F /* lbitlib.c in Sources */ = {isa = PBXBuildFile; fileRef = 1FB197BD1C2CF86500CFC44F /* lbitlib.c */; };
		1FB1980A1C2CF86500CFC44F /* lcode.c in Sources */ = {isa = PBXBuildFile; fileRef = 1FB197BE1C2CF86500CFC44F /* lcode.c */; };
		1FB1980B1C2CF86500CFC44F /* lcorolib.c in Sources */ = {isa = PBXBuildFile; fileRef = 1FB197C01C2CF86500CFC44F /* lcorolib.c */; };
		1FB1980C1C2CF86500CFC44F /* lctype.c in Sources */ = {isa = PBXBuildFile; fileRef = 1FB197C11C2CF86500CFC44F /* lctype.c */; };
		1FB1980D1C2CF86500CFC44F /* ldblib.c in Sources */ = {isa = PBXBuildFile; fileRef = 1FB197C31C2CF86500CFC44F /* ldblib.c */; };
		1FB1980E1C2CF86500CFC44F /* ldebug.c in Sources */ = {isa = PBXBuildFile; fileRef = 1FB197C41C2CF86500CFC44F /* ldebug.c */; };
		1FB1980F1C2CF86500CFC44F /* ldo.c in Sources */ = {isa = PBXBuildFile; fileRef = 1FB197C61C2CF86500CFC44F /* ldo.c */; };
		1FB198101C2CF86500CFC44F /* ldump.c in Sources */ = {isa = PBXBuildFile; fileRef = 1FB197C81C2CF86500CFC44F /* ldump.c */; };
		1FB198111C2CF86500CFC44F /* lfunc.c in Sources */ = {isa = PBXBuildFile; fileRef = 1FB197C91C2CF86500CFC44F /* lfunc.c */; };
		1FB198121C2CF86500CFC44F /* lgc.c in Sources */ = {isa = PBXBuildFile; fileRef = 1FB197CB1C2CF86500CFC44F /* lgc.c */; };
		1FB198131C2CF86500CFC44F /* linit.c in Sources */ = {isa = PBXBuildFile; fileRef = 1FB197CD1C2CF86500CFC44F /* linit.c */; };
		1FB198141C2CF86500CFC44F /* liolib.c in Sources */ = {isa = PBXBuildFile; fileRef = 1FB197CE1C2CF86500CFC44F /* liolib.c */; };
		1FB198151C2CF86500CFC44F /* llex.c in Sources */ = {isa = PBXBuildFile; fileRef = 1FB197CF1C2CF86500CFC44F /* llex.c */; };
		1FB198161C2CF86500CFC44F /* lmathlib.c in Sources */ = {isa = PBXBuildFile; fileRef = 1FB197D21C2CF86500CFC44F /* lmathlib.c */; };
		1FB198171C2CF86500CFC44F /* lmem.c in Sources */ = {isa = PBXBuildFile; fileRef = 1FB197D31C2CF86500CFC44F /* lmem.c */; };
		1FB198181C2CF86500CFC44F /* loadlib.c in Sources */ = {isa = PBXBuildFile; fileRef = 1FB197D51C2CF86500CFC44F /* loadlib.c */; };
		1FB198191C2CF86500CFC44F /* lobject.c in Sources */ = {isa = PBXBuildFile; fileRef = 1FB197D61C2CF86500CFC44F /* lobject.c */; };
		1FB1981A1C2CF86500CFC44F /* lopcodes.c in Sources */ = {isa = PBXBuildFile; fileRef = 1FB197D81C2CF86500CFC44F /* lopcodes.c */; };
		1FB1981B1C2CF86500CFC44F /* loslib.c in Sources */ = {isa = PBXBuildFile; fileRef = 1FB197DA1C2CF86500CFC44F /* loslib.c */; };
		1FB1981C1C2CF86500CFC44F /* lparser.c in Sources */ = {isa = PBXBuildFile; fileRef = 1FB197DB1C2CF86500CFC44F /* lparser.c */; };
		1FB1981D1C2CF86500CFC44F /* lstate.c in Sources */ = {isa = PBXBuildFile; fileRef = 1FB197DE1C2CF86500CFC44F /* lstate.c */; };
		1FB1981E1C2CF86500CFC44F /* lstring.c in Sources */ = {isa = PBXBuildFile; fileRef = 1FB197E01C2CF86500CFC44F /* lstring.c */; };
		1FB1981F1C2CF86500CFC44F /* lstrlib.c in Sources */ = {isa = PBXBuildFile; fileRef = 1FB197E21C2CF86500CFC44F /* lstrlib.c */; };
		1FB198201C2CF86500CFC44F /* ltable.c in Sources */ = {isa = PBXBuildFile; fileRef = 1FB197E31C2CF86500CFC44F /* ltable.c */; };
		1FB198211C2CF86500CFC44F /* ltablib.c in Sources */ = {isa = PBXBuildFile; fileRef = 1FB197E51C2CF86500CFC44F /* ltablib.c */; };
		1FB198221C2CF86500CFC44F /* ltm.c in Sources */ = {isa = PBXBuildFile; fileRef = 1FB197E61C2CF86500CFC44F /* ltm.c */; };
		1FB198231C2CF86500CFC44F /* lua.c in Sources */ = {isa = PBXBuildFile; fileRef = 1FB197E81C2CF86500CFC44F /* lua.c */; };
		1FB198241C2CF86500CFC44F /* lua_bind.cpp in Sources */ = {isa = PBXBuildFile; fileRef = 1FB197EB1C2CF86500CFC44F /* lua_bind.cpp */; };
		1FB198251C2CF86500CFC44F /* luac.c in Sources */ = {isa = PBXBuildFile; fileRef = 1FB197ED1C2CF86500CFC44F /* luac.c */; };
		1FB198261C2CF86500CFC44F /* lundump.c in Sources */ = {isa = PBXBuildFile; fileRef = 1FB197F01C2CF86500CFC44F /* lundump.c */; };
		1FB198271C2CF86500CFC44F /* lutf8lib.c in Sources */ = {isa = PBXBuildFile; fileRef = 1FB197F21C2CF86500CFC44F /* lutf8lib.c */; };
		1FB198281C2CF86500CFC44F /* lvm.c in Sources */ = {isa = PBXBuildFile; fileRef = 1FB197F31C2CF86500CFC44F /* lvm.c */; };
		1FB198291C2CF86500CFC44F /* lzio.c in Sources */ = {isa = PBXBuildFile; fileRef = 1FB197F51C2CF86500CFC44F /* lzio.c */; };
		1FB1982A1C2CF86500CFC44F /* time.cpp in Sources */ = {isa = PBXBuildFile; fileRef = 1FB197FA1C2CF86500CFC44F /* time.cpp */; };
		1FB1982B1C2CF86500CFC44F /* util.cpp in Sources */ = {isa = PBXBuildFile; fileRef = 1FB197FC1C2CF86500CFC44F /* util.cpp */; };
		1FB1982C1C2CF86500CFC44F /* UUID.cpp in Sources */ = {isa = PBXBuildFile; fileRef = 1FB197FE1C2CF86500CFC44F /* UUID.cpp */; };
		1FDCF7BD1E95F3D800295D42 /* algo_init.cpp in Sources */ = {isa = PBXBuildFile; fileRef = 1FDCF7B31E95F3D800295D42 /* algo_init.cpp */; };
		1FDCF7BE1E95F3D800295D42 /* database_init.cpp in Sources */ = {isa = PBXBuildFile; fileRef = 1FDCF7B51E95F3D800295D42 /* database_init.cpp */; };
		1FDCF7BF1E95F3D800295D42 /* file_init.cpp in Sources */ = {isa = PBXBuildFile; fileRef = 1FDCF7B71E95F3D800295D42 /* file_init.cpp */; };
		1FDCF7C01E95F3D800295D42 /* http_init.cpp in Sources */ = {isa = PBXBuildFile; fileRef = 1FDCF7B91E95F3D800295D42 /* http_init.cpp */; };
		1FDCF7C11E95F3D800295D42 /* tcp_init.cpp in Sources */ = {isa = PBXBuildFile; fileRef = 1FDCF7BB1E95F3D800295D42 /* tcp_init.cpp */; };
		1FDCF8051E95F71400295D42 /* sqlite3.c in Sources */ = {isa = PBXBuildFile; fileRef = 1FDCF8021E95F71400295D42 /* sqlite3.c */; };
		1FDCFA3E1E95FC3C00295D42 /* crypto_wrap.cpp in Sources */ = {isa = PBXBuildFile; fileRef = 1FDCFA3C1E95FC3C00295D42 /* crypto_wrap.cpp */; };
		1FDCFCF81E962E4100295D42 /* libc++.1.dylib in Frameworks */ = {isa = PBXBuildFile; fileRef = 1FDCFCF71E962E4100295D42 /* libc++.1.dylib */; };
		1FFB0CE01E8E6D6900AC72E3 /* JSONObject.cpp in Sources */ = {isa = PBXBuildFile; fileRef = 1FFB0CDE1E8E6D6900AC72E3 /* JSONObject.cpp */; };
		1FFB0CEF1E8E6F4500AC72E3 /* ioapi.c in Sources */ = {isa = PBXBuildFile; fileRef = 1FFB0CE41E8E6F4500AC72E3 /* ioapi.c */; };
		1FFB0CF01E8E6F4500AC72E3 /* iowin32.c in Sources */ = {isa = PBXBuildFile; fileRef = 1FFB0CE61E8E6F4500AC72E3 /* iowin32.c */; };
		1FFB0CF11E8E6F4500AC72E3 /* Makefile in Sources */ = {isa = PBXBuildFile; fileRef = 1FFB0CE81E8E6F4500AC72E3 /* Makefile */; };
		1FFB0CF21E8E6F4500AC72E3 /* mztools.c in Sources */ = {isa = PBXBuildFile; fileRef = 1FFB0CE91E8E6F4500AC72E3 /* mztools.c */; };
		1FFB0CF31E8E6F4500AC72E3 /* unzip.c in Sources */ = {isa = PBXBuildFile; fileRef = 1FFB0CEB1E8E6F4500AC72E3 /* unzip.c */; };
		1FFB0CF41E8E6F4500AC72E3 /* zip.c in Sources */ = {isa = PBXBuildFile; fileRef = 1FFB0CED1E8E6F4500AC72E3 /* zip.c */; };
		1FFB0CF81E8E6FE400AC72E3 /* sqlite_warp.cpp in Sources */ = {isa = PBXBuildFile; fileRef = 1FFB0CF61E8E6FE400AC72E3 /* sqlite_warp.cpp */; };
		E32F6156203E7249006A61CA /* local_proxy.cpp in Sources */ = {isa = PBXBuildFile; fileRef = E32F6154203E7249006A61CA /* local_proxy.cpp */; };
		E32F6161203FFC9A006A61CA /* ahttp_wrapper.cpp in Sources */ = {isa = PBXBuildFile; fileRef = E32F615F203FFC99006A61CA /* ahttp_wrapper.cpp */; };
		E32F6165203FFD4C006A61CA /* state_machine.cpp in Sources */ = {isa = PBXBuildFile; fileRef = E32F6163203FFD4C006A61CA /* state_machine.cpp */; };
		E32F6169203FFD62006A61CA /* ssl_shake.cpp in Sources */ = {isa = PBXBuildFile; fileRef = E32F6168203FFD62006A61CA /* ssl_shake.cpp */; };
		E32F616D203FFD8E006A61CA /* uv_wrapper.cpp in Sources */ = {isa = PBXBuildFile; fileRef = E32F616B203FFD8D006A61CA /* uv_wrapper.cpp */; };
		E32F6179203FFDA9006A61CA /* string_parser.cpp in Sources */ = {isa = PBXBuildFile; fileRef = E32F616F203FFDA9006A61CA /* string_parser.cpp */; };
		E32F617A203FFDA9006A61CA /* char_array.cpp in Sources */ = {isa = PBXBuildFile; fileRef = E32F6171203FFDA9006A61CA /* char_array.cpp */; };
		E32F617B203FFDA9006A61CA /* case_insensitive_map.cpp in Sources */ = {isa = PBXBuildFile; fileRef = E32F6175203FFDA9006A61CA /* case_insensitive_map.cpp */; };
		E32F617C203FFDA9006A61CA /* common_callback.cpp in Sources */ = {isa = PBXBuildFile; fileRef = E32F6177203FFDA9006A61CA /* common_callback.cpp */; };
		E32F6183203FFED4006A61CA /* err.cpp in Sources */ = {isa = PBXBuildFile; fileRef = E32F6181203FFED4006A61CA /* err.cpp */; };
		E38F850B202DD5B000C8A8C7 /* cert.cpp in Sources */ = {isa = PBXBuildFile; fileRef = E38F850A202DD5B000C8A8C7 /* cert.cpp */; };
		E38F850E202DD7C700C8A8C7 /* zlib_wrap.cpp in Sources */ = {isa = PBXBuildFile; fileRef = E38F850D202DD7C700C8A8C7 /* zlib_wrap.cpp */; };
		E38F8513202DD80000C8A8C7 /* ahttp.cpp in Sources */ = {isa = PBXBuildFile; fileRef = E38F8510202DD80000C8A8C7 /* ahttp.cpp */; };
		E38F8514202DD80000C8A8C7 /* ahttp1.cpp in Sources */ = {isa = PBXBuildFile; fileRef = E38F8512202DD80000C8A8C7 /* ahttp1.cpp */; };
		E38F8516202DDAA300C8A8C7 /* CFNetwork.framework in Frameworks */ = {isa = PBXBuildFile; fileRef = E38F8515202DDAA300C8A8C7 /* CFNetwork.framework */; };
		E38F8518202DDAB200C8A8C7 /* Security.framework in Frameworks */ = {isa = PBXBuildFile; fileRef = E38F8517202DDAB200C8A8C7 /* Security.framework */; };
/* End PBXBuildFile section */

/* Begin PBXCopyFilesBuildPhase section */
		1FB197361C2CDE4300CFC44F /* CopyFiles */ = {
			isa = PBXCopyFilesBuildPhase;
			buildActionMask = 2147483647;
			dstPath = "include/$(PRODUCT_NAME)";
			dstSubfolderSpec = 16;
			files = (
				1FB1973C1C2CDE4300CFC44F /* bizlayer.h in CopyFiles */,
			);
			runOnlyForDeploymentPostprocessing = 0;
		};
/* End PBXCopyFilesBuildPhase section */

/* Begin PBXFileReference section */
		1F209ABB1CAB79D70011D40B /* adler32.c */ = {isa = PBXFileReference; fileEncoding = 4; lastKnownFileType = sourcecode.c.c; name = adler32.c; path = ../../../3rd/zlib/adler32.c; sourceTree = "<group>"; };
		1F209ABC1CAB79D70011D40B /* compress.c */ = {isa = PBXFileReference; fileEncoding = 4; lastKnownFileType = sourcecode.c.c; name = compress.c; path = ../../../3rd/zlib/compress.c; sourceTree = "<group>"; };
		1F209ABD1CAB79D70011D40B /* crc32.c */ = {isa = PBXFileReference; fileEncoding = 4; lastKnownFileType = sourcecode.c.c; name = crc32.c; path = ../../../3rd/zlib/crc32.c; sourceTree = "<group>"; };
		1F209ABE1CAB79D70011D40B /* crc32.h */ = {isa = PBXFileReference; fileEncoding = 4; lastKnownFileType = sourcecode.c.h; name = crc32.h; path = ../../../3rd/zlib/crc32.h; sourceTree = "<group>"; };
		1F209ABF1CAB79D70011D40B /* deflate.c */ = {isa = PBXFileReference; fileEncoding = 4; lastKnownFileType = sourcecode.c.c; name = deflate.c; path = ../../../3rd/zlib/deflate.c; sourceTree = "<group>"; };
		1F209AC01CAB79D70011D40B /* deflate.h */ = {isa = PBXFileReference; fileEncoding = 4; lastKnownFileType = sourcecode.c.h; name = deflate.h; path = ../../../3rd/zlib/deflate.h; sourceTree = "<group>"; };
		1F209AC11CAB79D70011D40B /* infback.c */ = {isa = PBXFileReference; fileEncoding = 4; lastKnownFileType = sourcecode.c.c; name = infback.c; path = ../../../3rd/zlib/infback.c; sourceTree = "<group>"; };
		1F209AC21CAB79D70011D40B /* inffast.c */ = {isa = PBXFileReference; fileEncoding = 4; lastKnownFileType = sourcecode.c.c; name = inffast.c; path = ../../../3rd/zlib/inffast.c; sourceTree = "<group>"; };
		1F209AC31CAB79D70011D40B /* inffast.h */ = {isa = PBXFileReference; fileEncoding = 4; lastKnownFileType = sourcecode.c.h; name = inffast.h; path = ../../../3rd/zlib/inffast.h; sourceTree = "<group>"; };
		1F209AC41CAB79D70011D40B /* inffixed.h */ = {isa = PBXFileReference; fileEncoding = 4; lastKnownFileType = sourcecode.c.h; name = inffixed.h; path = ../../../3rd/zlib/inffixed.h; sourceTree = "<group>"; };
		1F209AC51CAB79D70011D40B /* inflate.c */ = {isa = PBXFileReference; fileEncoding = 4; lastKnownFileType = sourcecode.c.c; name = inflate.c; path = ../../../3rd/zlib/inflate.c; sourceTree = "<group>"; };
		1F209AC61CAB79D70011D40B /* inflate.h */ = {isa = PBXFileReference; fileEncoding = 4; lastKnownFileType = sourcecode.c.h; name = inflate.h; path = ../../../3rd/zlib/inflate.h; sourceTree = "<group>"; };
		1F209AC71CAB79D70011D40B /* inftrees.c */ = {isa = PBXFileReference; fileEncoding = 4; lastKnownFileType = sourcecode.c.c; name = inftrees.c; path = ../../../3rd/zlib/inftrees.c; sourceTree = "<group>"; };
		1F209AC81CAB79D70011D40B /* inftrees.h */ = {isa = PBXFileReference; fileEncoding = 4; lastKnownFileType = sourcecode.c.h; name = inftrees.h; path = ../../../3rd/zlib/inftrees.h; sourceTree = "<group>"; };
		1F209AC91CAB79D70011D40B /* trees.c */ = {isa = PBXFileReference; fileEncoding = 4; lastKnownFileType = sourcecode.c.c; name = trees.c; path = ../../../3rd/zlib/trees.c; sourceTree = "<group>"; };
		1F209ACA1CAB79D70011D40B /* trees.h */ = {isa = PBXFileReference; fileEncoding = 4; lastKnownFileType = sourcecode.c.h; name = trees.h; path = ../../../3rd/zlib/trees.h; sourceTree = "<group>"; };
		1F209ACB1CAB79D70011D40B /* uncompr.c */ = {isa = PBXFileReference; fileEncoding = 4; lastKnownFileType = sourcecode.c.c; name = uncompr.c; path = ../../../3rd/zlib/uncompr.c; sourceTree = "<group>"; };
		1F209ACC1CAB79D70011D40B /* zconf.h */ = {isa = PBXFileReference; fileEncoding = 4; lastKnownFileType = sourcecode.c.h; name = zconf.h; path = ../../../3rd/zlib/zconf.h; sourceTree = "<group>"; };
		1F209ACD1CAB79D70011D40B /* zlib.h */ = {isa = PBXFileReference; fileEncoding = 4; lastKnownFileType = sourcecode.c.h; name = zlib.h; path = ../../../3rd/zlib/zlib.h; sourceTree = "<group>"; };
		1F209ACE1CAB79D70011D40B /* zutil.c */ = {isa = PBXFileReference; fileEncoding = 4; lastKnownFileType = sourcecode.c.c; name = zutil.c; path = ../../../3rd/zlib/zutil.c; sourceTree = "<group>"; };
		1F209ACF1CAB79D70011D40B /* zutil.h */ = {isa = PBXFileReference; fileEncoding = 4; lastKnownFileType = sourcecode.c.h; name = zutil.h; path = ../../../3rd/zlib/zutil.h; sourceTree = "<group>"; };
		1F209ADB1CAB7A0A0011D40B /* compress.cpp */ = {isa = PBXFileReference; fileEncoding = 4; lastKnownFileType = sourcecode.cpp.cpp; name = compress.cpp; path = ../../../common/src/algorithm/compress.cpp; sourceTree = "<group>"; };
		1F209ADC1CAB7A0A0011D40B /* compress.h */ = {isa = PBXFileReference; fileEncoding = 4; lastKnownFileType = sourcecode.c.h; name = compress.h; path = ../../../common/src/algorithm/compress.h; sourceTree = "<group>"; };
		1F3E93B81C2D3925000EF4FA /* boost.framework */ = {isa = PBXFileReference; lastKnownFileType = wrapper.framework; name = boost.framework; path = ../lib/boost.framework; sourceTree = "<group>"; };
		1FADC3DA1C4E3B6E002B3E1E /* thread_define.h */ = {isa = PBXFileReference; fileEncoding = 4; lastKnownFileType = sourcecode.c.h; path = thread_define.h; sourceTree = "<group>"; };
		1FB197381C2CDE4300CFC44F /* libCommon.a */ = {isa = PBXFileReference; explicitFileType = archive.ar; includeInIndex = 0; path = libCommon.a; sourceTree = BUILT_PRODUCTS_DIR; };
		1FB1973B1C2CDE4300CFC44F /* bizlayer.h */ = {isa = PBXFileReference; lastKnownFileType = sourcecode.c.h; path = bizlayer.h; sourceTree = "<group>"; };
		1FB1973D1C2CDE4300CFC44F /* bizlayer.mm */ = {isa = PBXFileReference; lastKnownFileType = sourcecode.cpp.objcpp; path = bizlayer.mm; sourceTree = "<group>"; };
		1FB197541C2CE4FE00CFC44F /* JsonHelper.h */ = {isa = PBXFileReference; fileEncoding = 4; lastKnownFileType = sourcecode.c.h; path = JsonHelper.h; sourceTree = "<group>"; };
		1FB197551C2CE4FE00CFC44F /* JsonHelper.m */ = {isa = PBXFileReference; fileEncoding = 4; lastKnownFileType = sourcecode.c.objc; path = JsonHelper.m; sourceTree = "<group>"; };
		1FB197A81C2CF86500CFC44F /* cmd_factory.cpp */ = {isa = PBXFileReference; fileEncoding = 4; lastKnownFileType = sourcecode.cpp.cpp; path = cmd_factory.cpp; sourceTree = "<group>"; };
		1FB197AD1C2CF86500CFC44F /* common.cpp */ = {isa = PBXFileReference; fileEncoding = 4; lastKnownFileType = sourcecode.cpp.cpp; path = common.cpp; sourceTree = "<group>"; };
		1FB197AE1C2CF86500CFC44F /* common.h */ = {isa = PBXFileReference; fileEncoding = 4; lastKnownFileType = sourcecode.c.h; path = common.h; sourceTree = "<group>"; };
		1FB197B31C2CF86500CFC44F /* log.cpp */ = {isa = PBXFileReference; fileEncoding = 4; lastKnownFileType = sourcecode.cpp.cpp; path = log.cpp; sourceTree = "<group>"; };
		1FB197B41C2CF86500CFC44F /* log.h */ = {isa = PBXFileReference; fileEncoding = 4; lastKnownFileType = sourcecode.c.h; path = log.h; sourceTree = "<group>"; };
		1FB197B51C2CF86500CFC44F /* log_wrap.cpp */ = {isa = PBXFileReference; fileEncoding = 4; lastKnownFileType = sourcecode.cpp.cpp; path = log_wrap.cpp; sourceTree = "<group>"; };
		1FB197B61C2CF86500CFC44F /* log_wrap.h */ = {isa = PBXFileReference; fileEncoding = 4; lastKnownFileType = sourcecode.c.h; path = log_wrap.h; sourceTree = "<group>"; };
		1FB197B81C2CF86500CFC44F /* lapi.c */ = {isa = PBXFileReference; fileEncoding = 4; lastKnownFileType = sourcecode.c.c; path = lapi.c; sourceTree = "<group>"; };
		1FB197B91C2CF86500CFC44F /* lapi.h */ = {isa = PBXFileReference; fileEncoding = 4; lastKnownFileType = sourcecode.c.h; path = lapi.h; sourceTree = "<group>"; };
		1FB197BA1C2CF86500CFC44F /* lauxlib.c */ = {isa = PBXFileReference; fileEncoding = 4; lastKnownFileType = sourcecode.c.c; path = lauxlib.c; sourceTree = "<group>"; };
		1FB197BB1C2CF86500CFC44F /* lauxlib.h */ = {isa = PBXFileReference; fileEncoding = 4; lastKnownFileType = sourcecode.c.h; path = lauxlib.h; sourceTree = "<group>"; };
		1FB197BC1C2CF86500CFC44F /* lbaselib.c */ = {isa = PBXFileReference; fileEncoding = 4; lastKnownFileType = sourcecode.c.c; path = lbaselib.c; sourceTree = "<group>"; };
		1FB197BD1C2CF86500CFC44F /* lbitlib.c */ = {isa = PBXFileReference; fileEncoding = 4; lastKnownFileType = sourcecode.c.c; path = lbitlib.c; sourceTree = "<group>"; };
		1FB197BE1C2CF86500CFC44F /* lcode.c */ = {isa = PBXFileReference; fileEncoding = 4; lastKnownFileType = sourcecode.c.c; path = lcode.c; sourceTree = "<group>"; };
		1FB197BF1C2CF86500CFC44F /* lcode.h */ = {isa = PBXFileReference; fileEncoding = 4; lastKnownFileType = sourcecode.c.h; path = lcode.h; sourceTree = "<group>"; };
		1FB197C01C2CF86500CFC44F /* lcorolib.c */ = {isa = PBXFileReference; fileEncoding = 4; lastKnownFileType = sourcecode.c.c; path = lcorolib.c; sourceTree = "<group>"; };
		1FB197C11C2CF86500CFC44F /* lctype.c */ = {isa = PBXFileReference; fileEncoding = 4; lastKnownFileType = sourcecode.c.c; path = lctype.c; sourceTree = "<group>"; };
		1FB197C21C2CF86500CFC44F /* lctype.h */ = {isa = PBXFileReference; fileEncoding = 4; lastKnownFileType = sourcecode.c.h; path = lctype.h; sourceTree = "<group>"; };
		1FB197C31C2CF86500CFC44F /* ldblib.c */ = {isa = PBXFileReference; fileEncoding = 4; lastKnownFileType = sourcecode.c.c; path = ldblib.c; sourceTree = "<group>"; };
		1FB197C41C2CF86500CFC44F /* ldebug.c */ = {isa = PBXFileReference; fileEncoding = 4; lastKnownFileType = sourcecode.c.c; path = ldebug.c; sourceTree = "<group>"; };
		1FB197C51C2CF86500CFC44F /* ldebug.h */ = {isa = PBXFileReference; fileEncoding = 4; lastKnownFileType = sourcecode.c.h; path = ldebug.h; sourceTree = "<group>"; };
		1FB197C61C2CF86500CFC44F /* ldo.c */ = {isa = PBXFileReference; fileEncoding = 4; lastKnownFileType = sourcecode.c.c; path = ldo.c; sourceTree = "<group>"; };
		1FB197C71C2CF86500CFC44F /* ldo.h */ = {isa = PBXFileReference; fileEncoding = 4; lastKnownFileType = sourcecode.c.h; path = ldo.h; sourceTree = "<group>"; };
		1FB197C81C2CF86500CFC44F /* ldump.c */ = {isa = PBXFileReference; fileEncoding = 4; lastKnownFileType = sourcecode.c.c; path = ldump.c; sourceTree = "<group>"; };
		1FB197C91C2CF86500CFC44F /* lfunc.c */ = {isa = PBXFileReference; fileEncoding = 4; lastKnownFileType = sourcecode.c.c; path = lfunc.c; sourceTree = "<group>"; };
		1FB197CA1C2CF86500CFC44F /* lfunc.h */ = {isa = PBXFileReference; fileEncoding = 4; lastKnownFileType = sourcecode.c.h; path = lfunc.h; sourceTree = "<group>"; };
		1FB197CB1C2CF86500CFC44F /* lgc.c */ = {isa = PBXFileReference; fileEncoding = 4; lastKnownFileType = sourcecode.c.c; path = lgc.c; sourceTree = "<group>"; };
		1FB197CC1C2CF86500CFC44F /* lgc.h */ = {isa = PBXFileReference; fileEncoding = 4; lastKnownFileType = sourcecode.c.h; path = lgc.h; sourceTree = "<group>"; };
		1FB197CD1C2CF86500CFC44F /* linit.c */ = {isa = PBXFileReference; fileEncoding = 4; lastKnownFileType = sourcecode.c.c; path = linit.c; sourceTree = "<group>"; };
		1FB197CE1C2CF86500CFC44F /* liolib.c */ = {isa = PBXFileReference; fileEncoding = 4; lastKnownFileType = sourcecode.c.c; path = liolib.c; sourceTree = "<group>"; };
		1FB197CF1C2CF86500CFC44F /* llex.c */ = {isa = PBXFileReference; fileEncoding = 4; lastKnownFileType = sourcecode.c.c; path = llex.c; sourceTree = "<group>"; };
		1FB197D01C2CF86500CFC44F /* llex.h */ = {isa = PBXFileReference; fileEncoding = 4; lastKnownFileType = sourcecode.c.h; path = llex.h; sourceTree = "<group>"; };
		1FB197D11C2CF86500CFC44F /* llimits.h */ = {isa = PBXFileReference; fileEncoding = 4; lastKnownFileType = sourcecode.c.h; path = llimits.h; sourceTree = "<group>"; };
		1FB197D21C2CF86500CFC44F /* lmathlib.c */ = {isa = PBXFileReference; fileEncoding = 4; lastKnownFileType = sourcecode.c.c; path = lmathlib.c; sourceTree = "<group>"; };
		1FB197D31C2CF86500CFC44F /* lmem.c */ = {isa = PBXFileReference; fileEncoding = 4; lastKnownFileType = sourcecode.c.c; path = lmem.c; sourceTree = "<group>"; };
		1FB197D41C2CF86500CFC44F /* lmem.h */ = {isa = PBXFileReference; fileEncoding = 4; lastKnownFileType = sourcecode.c.h; path = lmem.h; sourceTree = "<group>"; };
		1FB197D51C2CF86500CFC44F /* loadlib.c */ = {isa = PBXFileReference; fileEncoding = 4; lastKnownFileType = sourcecode.c.c; path = loadlib.c; sourceTree = "<group>"; };
		1FB197D61C2CF86500CFC44F /* lobject.c */ = {isa = PBXFileReference; fileEncoding = 4; lastKnownFileType = sourcecode.c.c; path = lobject.c; sourceTree = "<group>"; };
		1FB197D71C2CF86500CFC44F /* lobject.h */ = {isa = PBXFileReference; fileEncoding = 4; lastKnownFileType = sourcecode.c.h; path = lobject.h; sourceTree = "<group>"; };
		1FB197D81C2CF86500CFC44F /* lopcodes.c */ = {isa = PBXFileReference; fileEncoding = 4; lastKnownFileType = sourcecode.c.c; path = lopcodes.c; sourceTree = "<group>"; };
		1FB197D91C2CF86500CFC44F /* lopcodes.h */ = {isa = PBXFileReference; fileEncoding = 4; lastKnownFileType = sourcecode.c.h; path = lopcodes.h; sourceTree = "<group>"; };
		1FB197DA1C2CF86500CFC44F /* loslib.c */ = {isa = PBXFileReference; fileEncoding = 4; lastKnownFileType = sourcecode.c.c; path = loslib.c; sourceTree = "<group>"; };
		1FB197DB1C2CF86500CFC44F /* lparser.c */ = {isa = PBXFileReference; fileEncoding = 4; lastKnownFileType = sourcecode.c.c; path = lparser.c; sourceTree = "<group>"; };
		1FB197DC1C2CF86500CFC44F /* lparser.h */ = {isa = PBXFileReference; fileEncoding = 4; lastKnownFileType = sourcecode.c.h; path = lparser.h; sourceTree = "<group>"; };
		1FB197DD1C2CF86500CFC44F /* lprefix.h */ = {isa = PBXFileReference; fileEncoding = 4; lastKnownFileType = sourcecode.c.h; path = lprefix.h; sourceTree = "<group>"; };
		1FB197DE1C2CF86500CFC44F /* lstate.c */ = {isa = PBXFileReference; fileEncoding = 4; lastKnownFileType = sourcecode.c.c; path = lstate.c; sourceTree = "<group>"; };
		1FB197DF1C2CF86500CFC44F /* lstate.h */ = {isa = PBXFileReference; fileEncoding = 4; lastKnownFileType = sourcecode.c.h; path = lstate.h; sourceTree = "<group>"; };
		1FB197E01C2CF86500CFC44F /* lstring.c */ = {isa = PBXFileReference; fileEncoding = 4; lastKnownFileType = sourcecode.c.c; path = lstring.c; sourceTree = "<group>"; };
		1FB197E11C2CF86500CFC44F /* lstring.h */ = {isa = PBXFileReference; fileEncoding = 4; lastKnownFileType = sourcecode.c.h; path = lstring.h; sourceTree = "<group>"; };
		1FB197E21C2CF86500CFC44F /* lstrlib.c */ = {isa = PBXFileReference; fileEncoding = 4; lastKnownFileType = sourcecode.c.c; path = lstrlib.c; sourceTree = "<group>"; };
		1FB197E31C2CF86500CFC44F /* ltable.c */ = {isa = PBXFileReference; fileEncoding = 4; lastKnownFileType = sourcecode.c.c; path = ltable.c; sourceTree = "<group>"; };
		1FB197E41C2CF86500CFC44F /* ltable.h */ = {isa = PBXFileReference; fileEncoding = 4; lastKnownFileType = sourcecode.c.h; path = ltable.h; sourceTree = "<group>"; };
		1FB197E51C2CF86500CFC44F /* ltablib.c */ = {isa = PBXFileReference; fileEncoding = 4; lastKnownFileType = sourcecode.c.c; path = ltablib.c; sourceTree = "<group>"; };
		1FB197E61C2CF86500CFC44F /* ltm.c */ = {isa = PBXFileReference; fileEncoding = 4; lastKnownFileType = sourcecode.c.c; path = ltm.c; sourceTree = "<group>"; };
		1FB197E71C2CF86500CFC44F /* ltm.h */ = {isa = PBXFileReference; fileEncoding = 4; lastKnownFileType = sourcecode.c.h; path = ltm.h; sourceTree = "<group>"; };
		1FB197E81C2CF86500CFC44F /* lua.c */ = {isa = PBXFileReference; fileEncoding = 4; lastKnownFileType = sourcecode.c.c; path = lua.c; sourceTree = "<group>"; };
		1FB197E91C2CF86500CFC44F /* lua.h */ = {isa = PBXFileReference; fileEncoding = 4; lastKnownFileType = sourcecode.c.h; path = lua.h; sourceTree = "<group>"; };
		1FB197EA1C2CF86500CFC44F /* lua.hpp */ = {isa = PBXFileReference; fileEncoding = 4; lastKnownFileType = sourcecode.cpp.h; path = lua.hpp; sourceTree = "<group>"; };
		1FB197EB1C2CF86500CFC44F /* lua_bind.cpp */ = {isa = PBXFileReference; fileEncoding = 4; lastKnownFileType = sourcecode.cpp.cpp; path = lua_bind.cpp; sourceTree = "<group>"; };
		1FB197EC1C2CF86500CFC44F /* lua_bind.h */ = {isa = PBXFileReference; fileEncoding = 4; lastKnownFileType = sourcecode.c.h; path = lua_bind.h; sourceTree = "<group>"; };
		1FB197ED1C2CF86500CFC44F /* luac.c */ = {isa = PBXFileReference; fileEncoding = 4; lastKnownFileType = sourcecode.c.c; path = luac.c; sourceTree = "<group>"; };
		1FB197EE1C2CF86500CFC44F /* luaconf.h */ = {isa = PBXFileReference; fileEncoding = 4; lastKnownFileType = sourcecode.c.h; path = luaconf.h; sourceTree = "<group>"; };
		1FB197EF1C2CF86500CFC44F /* lualib.h */ = {isa = PBXFileReference; fileEncoding = 4; lastKnownFileType = sourcecode.c.h; path = lualib.h; sourceTree = "<group>"; };
		1FB197F01C2CF86500CFC44F /* lundump.c */ = {isa = PBXFileReference; fileEncoding = 4; lastKnownFileType = sourcecode.c.c; path = lundump.c; sourceTree = "<group>"; };
		1FB197F11C2CF86500CFC44F /* lundump.h */ = {isa = PBXFileReference; fileEncoding = 4; lastKnownFileType = sourcecode.c.h; path = lundump.h; sourceTree = "<group>"; };
		1FB197F21C2CF86500CFC44F /* lutf8lib.c */ = {isa = PBXFileReference; fileEncoding = 4; lastKnownFileType = sourcecode.c.c; path = lutf8lib.c; sourceTree = "<group>"; };
		1FB197F31C2CF86500CFC44F /* lvm.c */ = {isa = PBXFileReference; fileEncoding = 4; lastKnownFileType = sourcecode.c.c; path = lvm.c; sourceTree = "<group>"; };
		1FB197F41C2CF86500CFC44F /* lvm.h */ = {isa = PBXFileReference; fileEncoding = 4; lastKnownFileType = sourcecode.c.h; path = lvm.h; sourceTree = "<group>"; };
		1FB197F51C2CF86500CFC44F /* lzio.c */ = {isa = PBXFileReference; fileEncoding = 4; lastKnownFileType = sourcecode.c.c; path = lzio.c; sourceTree = "<group>"; };
		1FB197F61C2CF86500CFC44F /* lzio.h */ = {isa = PBXFileReference; fileEncoding = 4; lastKnownFileType = sourcecode.c.h; path = lzio.h; sourceTree = "<group>"; };
		1FB197F81C2CF86500CFC44F /* test_def.h */ = {isa = PBXFileReference; fileEncoding = 4; lastKnownFileType = sourcecode.c.h; path = test_def.h; sourceTree = "<group>"; };
		1FB197FA1C2CF86500CFC44F /* time.cpp */ = {isa = PBXFileReference; fileEncoding = 4; lastKnownFileType = sourcecode.cpp.cpp; path = time.cpp; sourceTree = "<group>"; };
		1FB197FB1C2CF86500CFC44F /* time.h */ = {isa = PBXFileReference; fileEncoding = 4; lastKnownFileType = sourcecode.c.h; path = time.h; sourceTree = "<group>"; };
		1FB197FC1C2CF86500CFC44F /* util.cpp */ = {isa = PBXFileReference; fileEncoding = 4; lastKnownFileType = sourcecode.cpp.cpp; path = util.cpp; sourceTree = "<group>"; };
		1FB197FD1C2CF86500CFC44F /* util.h */ = {isa = PBXFileReference; fileEncoding = 4; lastKnownFileType = sourcecode.c.h; path = util.h; sourceTree = "<group>"; };
		1FB197FE1C2CF86500CFC44F /* UUID.cpp */ = {isa = PBXFileReference; fileEncoding = 4; lastKnownFileType = sourcecode.cpp.cpp; path = UUID.cpp; sourceTree = "<group>"; };
		1FB197FF1C2CF86500CFC44F /* UUID.h */ = {isa = PBXFileReference; fileEncoding = 4; lastKnownFileType = sourcecode.c.h; path = UUID.h; sourceTree = "<group>"; };
		1FDCF7B31E95F3D800295D42 /* algo_init.cpp */ = {isa = PBXFileReference; fileEncoding = 4; lastKnownFileType = sourcecode.cpp.cpp; path = algo_init.cpp; sourceTree = "<group>"; };
		1FDCF7B41E95F3D800295D42 /* algo_init.h */ = {isa = PBXFileReference; fileEncoding = 4; lastKnownFileType = sourcecode.c.h; path = algo_init.h; sourceTree = "<group>"; };
		1FDCF7B51E95F3D800295D42 /* database_init.cpp */ = {isa = PBXFileReference; fileEncoding = 4; lastKnownFileType = sourcecode.cpp.cpp; path = database_init.cpp; sourceTree = "<group>"; };
		1FDCF7B61E95F3D800295D42 /* database_init.h */ = {isa = PBXFileReference; fileEncoding = 4; lastKnownFileType = sourcecode.c.h; path = database_init.h; sourceTree = "<group>"; };
		1FDCF7B71E95F3D800295D42 /* file_init.cpp */ = {isa = PBXFileReference; fileEncoding = 4; lastKnownFileType = sourcecode.cpp.cpp; path = file_init.cpp; sourceTree = "<group>"; };
		1FDCF7B81E95F3D800295D42 /* file_init.h */ = {isa = PBXFileReference; fileEncoding = 4; lastKnownFileType = sourcecode.c.h; path = file_init.h; sourceTree = "<group>"; };
		1FDCF7B91E95F3D800295D42 /* http_init.cpp */ = {isa = PBXFileReference; fileEncoding = 4; lastKnownFileType = sourcecode.cpp.cpp; path = http_init.cpp; sourceTree = "<group>"; };
		1FDCF7BA1E95F3D800295D42 /* http_init.h */ = {isa = PBXFileReference; fileEncoding = 4; lastKnownFileType = sourcecode.c.h; path = http_init.h; sourceTree = "<group>"; };
		1FDCF7BB1E95F3D800295D42 /* tcp_init.cpp */ = {isa = PBXFileReference; fileEncoding = 4; lastKnownFileType = sourcecode.cpp.cpp; path = tcp_init.cpp; sourceTree = "<group>"; };
		1FDCF7BC1E95F3D800295D42 /* tcp_init.h */ = {isa = PBXFileReference; fileEncoding = 4; lastKnownFileType = sourcecode.c.h; path = tcp_init.h; sourceTree = "<group>"; };
		1FDCF8021E95F71400295D42 /* sqlite3.c */ = {isa = PBXFileReference; fileEncoding = 4; lastKnownFileType = sourcecode.c.c; path = sqlite3.c; sourceTree = "<group>"; };
		1FDCF8031E95F71400295D42 /* sqlite3.h */ = {isa = PBXFileReference; fileEncoding = 4; lastKnownFileType = sourcecode.c.h; path = sqlite3.h; sourceTree = "<group>"; };
		1FDCF8041E95F71400295D42 /* sqlite3ext.h */ = {isa = PBXFileReference; fileEncoding = 4; lastKnownFileType = sourcecode.c.h; path = sqlite3ext.h; sourceTree = "<group>"; };
		1FDCFA3C1E95FC3C00295D42 /* crypto_wrap.cpp */ = {isa = PBXFileReference; fileEncoding = 4; lastKnownFileType = sourcecode.cpp.cpp; name = crypto_wrap.cpp; path = ../../../common/src/algorithm/crypto_wrap.cpp; sourceTree = "<group>"; };
		1FDCFA3D1E95FC3C00295D42 /* crypto_wrap.h */ = {isa = PBXFileReference; fileEncoding = 4; lastKnownFileType = sourcecode.c.h; name = crypto_wrap.h; path = ../../../common/src/algorithm/crypto_wrap.h; sourceTree = "<group>"; };
		1FDCFCF71E962E4100295D42 /* libc++.1.dylib */ = {isa = PBXFileReference; lastKnownFileType = "compiled.mach-o.dylib"; name = "libc++.1.dylib"; path = "../../../../../../../usr/lib/libc++.1.dylib"; sourceTree = "<group>"; };
		1FFB0CDE1E8E6D6900AC72E3 /* JSONObject.cpp */ = {isa = PBXFileReference; fileEncoding = 4; lastKnownFileType = sourcecode.cpp.cpp; path = JSONObject.cpp; sourceTree = "<group>"; };
		1FFB0CDF1E8E6D6900AC72E3 /* JSONObject.h */ = {isa = PBXFileReference; fileEncoding = 4; lastKnownFileType = sourcecode.c.h; path = JSONObject.h; sourceTree = "<group>"; };
		1FFB0CE21E8E6F4500AC72E3 /* ChangeLogUnzip */ = {isa = PBXFileReference; fileEncoding = 4; lastKnownFileType = text; path = ChangeLogUnzip; sourceTree = "<group>"; };
		1FFB0CE31E8E6F4500AC72E3 /* crypt.h */ = {isa = PBXFileReference; fileEncoding = 4; lastKnownFileType = sourcecode.c.h; path = crypt.h; sourceTree = "<group>"; };
		1FFB0CE41E8E6F4500AC72E3 /* ioapi.c */ = {isa = PBXFileReference; fileEncoding = 4; lastKnownFileType = sourcecode.c.c; path = ioapi.c; sourceTree = "<group>"; };
		1FFB0CE51E8E6F4500AC72E3 /* ioapi.h */ = {isa = PBXFileReference; fileEncoding = 4; lastKnownFileType = sourcecode.c.h; path = ioapi.h; sourceTree = "<group>"; };
		1FFB0CE61E8E6F4500AC72E3 /* iowin32.c */ = {isa = PBXFileReference; fileEncoding = 4; lastKnownFileType = sourcecode.c.c; path = iowin32.c; sourceTree = "<group>"; };
		1FFB0CE71E8E6F4500AC72E3 /* iowin32.h */ = {isa = PBXFileReference; fileEncoding = 4; lastKnownFileType = sourcecode.c.h; path = iowin32.h; sourceTree = "<group>"; };
		1FFB0CE81E8E6F4500AC72E3 /* Makefile */ = {isa = PBXFileReference; fileEncoding = 4; lastKnownFileType = sourcecode.make; path = Makefile; sourceTree = "<group>"; };
		1FFB0CE91E8E6F4500AC72E3 /* mztools.c */ = {isa = PBXFileReference; fileEncoding = 4; lastKnownFileType = sourcecode.c.c; path = mztools.c; sourceTree = "<group>"; };
		1FFB0CEA1E8E6F4500AC72E3 /* mztools.h */ = {isa = PBXFileReference; fileEncoding = 4; lastKnownFileType = sourcecode.c.h; path = mztools.h; sourceTree = "<group>"; };
		1FFB0CEB1E8E6F4500AC72E3 /* unzip.c */ = {isa = PBXFileReference; fileEncoding = 4; lastKnownFileType = sourcecode.c.c; path = unzip.c; sourceTree = "<group>"; };
		1FFB0CEC1E8E6F4500AC72E3 /* unzip.h */ = {isa = PBXFileReference; fileEncoding = 4; lastKnownFileType = sourcecode.c.h; path = unzip.h; sourceTree = "<group>"; };
		1FFB0CED1E8E6F4500AC72E3 /* zip.c */ = {isa = PBXFileReference; fileEncoding = 4; lastKnownFileType = sourcecode.c.c; path = zip.c; sourceTree = "<group>"; };
		1FFB0CEE1E8E6F4500AC72E3 /* zip.h */ = {isa = PBXFileReference; fileEncoding = 4; lastKnownFileType = sourcecode.c.h; path = zip.h; sourceTree = "<group>"; };
		1FFB0CF61E8E6FE400AC72E3 /* sqlite_warp.cpp */ = {isa = PBXFileReference; fileEncoding = 4; lastKnownFileType = sourcecode.cpp.cpp; path = sqlite_warp.cpp; sourceTree = "<group>"; };
		1FFB0CF71E8E6FE400AC72E3 /* sqlite_warp.h */ = {isa = PBXFileReference; fileEncoding = 4; lastKnownFileType = sourcecode.c.h; path = sqlite_warp.h; sourceTree = "<group>"; };
		E32F6154203E7249006A61CA /* local_proxy.cpp */ = {isa = PBXFileReference; fileEncoding = 4; lastKnownFileType = sourcecode.cpp.cpp; path = local_proxy.cpp; sourceTree = "<group>"; };
		E32F6155203E7249006A61CA /* local_proxy.h */ = {isa = PBXFileReference; fileEncoding = 4; lastKnownFileType = sourcecode.c.h; path = local_proxy.h; sourceTree = "<group>"; };
		E32F615F203FFC99006A61CA /* ahttp_wrapper.cpp */ = {isa = PBXFileReference; fileEncoding = 4; lastKnownFileType = sourcecode.cpp.cpp; path = ahttp_wrapper.cpp; sourceTree = "<group>"; };
		E32F6160203FFC9A006A61CA /* ahttp_wrapper.h */ = {isa = PBXFileReference; fileEncoding = 4; lastKnownFileType = sourcecode.c.h; path = ahttp_wrapper.h; sourceTree = "<group>"; };
		E32F6163203FFD4C006A61CA /* state_machine.cpp */ = {isa = PBXFileReference; fileEncoding = 4; lastKnownFileType = sourcecode.cpp.cpp; path = state_machine.cpp; sourceTree = "<group>"; };
		E32F6164203FFD4C006A61CA /* state_machine.h */ = {isa = PBXFileReference; fileEncoding = 4; lastKnownFileType = sourcecode.c.h; path = state_machine.h; sourceTree = "<group>"; };
		E32F6167203FFD62006A61CA /* ssl_shake.h */ = {isa = PBXFileReference; fileEncoding = 4; lastKnownFileType = sourcecode.c.h; path = ssl_shake.h; sourceTree = "<group>"; };
		E32F6168203FFD62006A61CA /* ssl_shake.cpp */ = {isa = PBXFileReference; fileEncoding = 4; lastKnownFileType = sourcecode.cpp.cpp; path = ssl_shake.cpp; sourceTree = "<group>"; };
		E32F616B203FFD8D006A61CA /* uv_wrapper.cpp */ = {isa = PBXFileReference; fileEncoding = 4; lastKnownFileType = sourcecode.cpp.cpp; path = uv_wrapper.cpp; sourceTree = "<group>"; };
		E32F616C203FFD8D006A61CA /* uv_wrapper.hpp */ = {isa = PBXFileReference; fileEncoding = 4; lastKnownFileType = sourcecode.cpp.h; path = uv_wrapper.hpp; sourceTree = "<group>"; };
		E32F616F203FFDA9006A61CA /* string_parser.cpp */ = {isa = PBXFileReference; fileEncoding = 4; lastKnownFileType = sourcecode.cpp.cpp; path = string_parser.cpp; sourceTree = "<group>"; };
		E32F6170203FFDA9006A61CA /* common_callback.hpp */ = {isa = PBXFileReference; fileEncoding = 4; lastKnownFileType = sourcecode.cpp.h; path = common_callback.hpp; sourceTree = "<group>"; };
		E32F6171203FFDA9006A61CA /* char_array.cpp */ = {isa = PBXFileReference; fileEncoding = 4; lastKnownFileType = sourcecode.cpp.cpp; path = char_array.cpp; sourceTree = "<group>"; };
		E32F6172203FFDA9006A61CA /* case_insensitive_map.h */ = {isa = PBXFileReference; fileEncoding = 4; lastKnownFileType = sourcecode.c.h; path = case_insensitive_map.h; sourceTree = "<group>"; };
		E32F6173203FFDA9006A61CA /* tri_bool.h */ = {isa = PBXFileReference; fileEncoding = 4; lastKnownFileType = sourcecode.c.h; path = tri_bool.h; sourceTree = "<group>"; };
		E32F6174203FFDA9006A61CA /* string_parser.hpp */ = {isa = PBXFileReference; fileEncoding = 4; lastKnownFileType = sourcecode.cpp.h; path = string_parser.hpp; sourceTree = "<group>"; };
		E32F6175203FFDA9006A61CA /* case_insensitive_map.cpp */ = {isa = PBXFileReference; fileEncoding = 4; lastKnownFileType = sourcecode.cpp.cpp; path = case_insensitive_map.cpp; sourceTree = "<group>"; };
		E32F6176203FFDA9006A61CA /* common_callback_err_wrapper.h */ = {isa = PBXFileReference; fileEncoding = 4; lastKnownFileType = sourcecode.c.h; path = common_callback_err_wrapper.h; sourceTree = "<group>"; };
		E32F6177203FFDA9006A61CA /* common_callback.cpp */ = {isa = PBXFileReference; fileEncoding = 4; lastKnownFileType = sourcecode.cpp.cpp; path = common_callback.cpp; sourceTree = "<group>"; };
		E32F6178203FFDA9006A61CA /* char_array.h */ = {isa = PBXFileReference; fileEncoding = 4; lastKnownFileType = sourcecode.c.h; path = char_array.h; sourceTree = "<group>"; };
		E32F6180203FFED4006A61CA /* err.h */ = {isa = PBXFileReference; fileEncoding = 4; lastKnownFileType = sourcecode.c.h; path = err.h; sourceTree = "<group>"; };
		E32F6181203FFED4006A61CA /* err.cpp */ = {isa = PBXFileReference; fileEncoding = 4; lastKnownFileType = sourcecode.cpp.cpp; path = err.cpp; sourceTree = "<group>"; };
		E32F6182203FFED4006A61CA /* error_num.h */ = {isa = PBXFileReference; fileEncoding = 4; lastKnownFileType = sourcecode.c.h; path = error_num.h; sourceTree = "<group>"; };
		E38F8509202DD5B000C8A8C7 /* cert.h */ = {isa = PBXFileReference; fileEncoding = 4; lastKnownFileType = sourcecode.c.h; path = cert.h; sourceTree = "<group>"; };
		E38F850A202DD5B000C8A8C7 /* cert.cpp */ = {isa = PBXFileReference; fileEncoding = 4; lastKnownFileType = sourcecode.cpp.cpp; path = cert.cpp; sourceTree = "<group>"; };
		E38F850C202DD7C600C8A8C7 /* zlib_wrap.hpp */ = {isa = PBXFileReference; fileEncoding = 4; lastKnownFileType = sourcecode.cpp.h; name = zlib_wrap.hpp; path = ../../../common/src/algorithm/zlib_wrap.hpp; sourceTree = "<group>"; };
		E38F850D202DD7C700C8A8C7 /* zlib_wrap.cpp */ = {isa = PBXFileReference; fileEncoding = 4; lastKnownFileType = sourcecode.cpp.cpp; name = zlib_wrap.cpp; path = ../../../common/src/algorithm/zlib_wrap.cpp; sourceTree = "<group>"; };
		E38F850F202DD80000C8A8C7 /* ahttp.hpp */ = {isa = PBXFileReference; fileEncoding = 4; lastKnownFileType = sourcecode.cpp.h; path = ahttp.hpp; sourceTree = "<group>"; };
		E38F8510202DD80000C8A8C7 /* ahttp.cpp */ = {isa = PBXFileReference; fileEncoding = 4; lastKnownFileType = sourcecode.cpp.cpp; path = ahttp.cpp; sourceTree = "<group>"; };
		E38F8511202DD80000C8A8C7 /* ahttp1.h */ = {isa = PBXFileReference; fileEncoding = 4; lastKnownFileType = sourcecode.c.h; path = ahttp1.h; sourceTree = "<group>"; };
		E38F8512202DD80000C8A8C7 /* ahttp1.cpp */ = {isa = PBXFileReference; fileEncoding = 4; lastKnownFileType = sourcecode.cpp.cpp; path = ahttp1.cpp; sourceTree = "<group>"; };
		E38F8515202DDAA300C8A8C7 /* CFNetwork.framework */ = {isa = PBXFileReference; lastKnownFileType = wrapper.framework; name = CFNetwork.framework; path = System/Library/Frameworks/CFNetwork.framework; sourceTree = SDKROOT; };
		E38F8517202DDAB200C8A8C7 /* Security.framework */ = {isa = PBXFileReference; lastKnownFileType = wrapper.framework; name = Security.framework; path = System/Library/Frameworks/Security.framework; sourceTree = SDKROOT; };
/* End PBXFileReference section */

/* Begin PBXFrameworksBuildPhase section */
		1FB197351C2CDE4300CFC44F /* Frameworks */ = {
			isa = PBXFrameworksBuildPhase;
			buildActionMask = 2147483647;
			files = (
				E38F8518202DDAB200C8A8C7 /* Security.framework in Frameworks */,
				E38F8516202DDAA300C8A8C7 /* CFNetwork.framework in Frameworks */,
				1FDCFCF81E962E4100295D42 /* libc++.1.dylib in Frameworks */,
				1F3E93B91C2D3925000EF4FA /* boost.framework in Frameworks */,
			);
			runOnlyForDeploymentPostprocessing = 0;
		};
/* End PBXFrameworksBuildPhase section */

/* Begin PBXGroup section */
		1F209A8F1CAB77BE0011D40B /* algorithm */ = {
			isa = PBXGroup;
			children = (
				E38F850D202DD7C700C8A8C7 /* zlib_wrap.cpp */,
				E38F850C202DD7C600C8A8C7 /* zlib_wrap.hpp */,
				1FDCFA3C1E95FC3C00295D42 /* crypto_wrap.cpp */,
				1FDCFA3D1E95FC3C00295D42 /* crypto_wrap.h */,
				1F209ADB1CAB7A0A0011D40B /* compress.cpp */,
				1F209ADC1CAB7A0A0011D40B /* compress.h */,
			);
			name = algorithm;
			sourceTree = "<group>";
		};
		1F209A931CAB78320011D40B /* zlib */ = {
			isa = PBXGroup;
			children = (
				1F209ABB1CAB79D70011D40B /* adler32.c */,
				1F209ABC1CAB79D70011D40B /* compress.c */,
				1F209ABD1CAB79D70011D40B /* crc32.c */,
				1F209ABE1CAB79D70011D40B /* crc32.h */,
				1F209ABF1CAB79D70011D40B /* deflate.c */,
				1F209AC01CAB79D70011D40B /* deflate.h */,
				1F209AC11CAB79D70011D40B /* infback.c */,
				1F209AC21CAB79D70011D40B /* inffast.c */,
				1F209AC31CAB79D70011D40B /* inffast.h */,
				1F209AC41CAB79D70011D40B /* inffixed.h */,
				1F209AC51CAB79D70011D40B /* inflate.c */,
				1F209AC61CAB79D70011D40B /* inflate.h */,
				1F209AC71CAB79D70011D40B /* inftrees.c */,
				1F209AC81CAB79D70011D40B /* inftrees.h */,
				1F209AC91CAB79D70011D40B /* trees.c */,
				1F209ACA1CAB79D70011D40B /* trees.h */,
				1F209ACB1CAB79D70011D40B /* uncompr.c */,
				1F209ACC1CAB79D70011D40B /* zconf.h */,
				1F209ACD1CAB79D70011D40B /* zlib.h */,
				1F209ACE1CAB79D70011D40B /* zutil.c */,
				1F209ACF1CAB79D70011D40B /* zutil.h */,
			);
			name = zlib;
			sourceTree = "<group>";
		};
		1F40C34B1C473D27006EFE0A /* thread */ = {
			isa = PBXGroup;
			children = (
				1FADC3DA1C4E3B6E002B3E1E /* thread_define.h */,
			);
			name = thread;
			path = ../../../common/src/thread;
			sourceTree = "<group>";
		};
		1F9DD7A91E94FC6F00B7E4E2 /* Frameworks */ = {
			isa = PBXGroup;
			children = (
				E38F8517202DDAB200C8A8C7 /* Security.framework */,
				E38F8515202DDAA300C8A8C7 /* CFNetwork.framework */,
				1FDCFCF71E962E4100295D42 /* libc++.1.dylib */,
			);
			name = Frameworks;
			sourceTree = "<group>";
		};
		1FB1972F1C2CDE4300CFC44F = {
			isa = PBXGroup;
			children = (
				1F3E93B81C2D3925000EF4FA /* boost.framework */,
				1FB197A61C2CF83800CFC44F /* other */,
				1FB1973A1C2CDE4300CFC44F /* Common */,
				1FB197391C2CDE4300CFC44F /* Products */,
				1F9DD7A91E94FC6F00B7E4E2 /* Frameworks */,
			);
			sourceTree = "<group>";
		};
		1FB197391C2CDE4300CFC44F /* Products */ = {
			isa = PBXGroup;
			children = (
				1FB197381C2CDE4300CFC44F /* libCommon.a */,
			);
			name = Products;
			sourceTree = "<group>";
		};
		1FB1973A1C2CDE4300CFC44F /* Common */ = {
			isa = PBXGroup;
			children = (
				1FB197541C2CE4FE00CFC44F /* JsonHelper.h */,
				1FB197551C2CE4FE00CFC44F /* JsonHelper.m */,
				1FB1973B1C2CDE4300CFC44F /* bizlayer.h */,
				1FB1973D1C2CDE4300CFC44F /* bizlayer.mm */,
			);
			path = Common;
			sourceTree = "<group>";
		};
		1FB197A61C2CF83800CFC44F /* other */ = {
			isa = PBXGroup;
			children = (
				E32F617F203FFED4006A61CA /* error */,
				E32F616E203FFDA9006A61CA /* common */,
				E32F616A203FFD8D006A61CA /* uvwrapper */,
				E32F6166203FFD62006A61CA /* ssl */,
				E32F6162203FFD4C006A61CA /* state */,
				E32F6153203E7249006A61CA /* proxy */,
				E38F8508202DD5B000C8A8C7 /* cert */,
				1FDCF8011E95F71400295D42 /* sqlite */,
				1FFB0CF51E8E6FE400AC72E3 /* database */,
				1FFB0CE11E8E6F4500AC72E3 /* unzip */,
				1F209A931CAB78320011D40B /* zlib */,
				1F209A8F1CAB77BE0011D40B /* algorithm */,
				1F40C34B1C473D27006EFE0A /* thread */,
				1FB71D0F1C45F48E00412128 /* network */,
				1FB197A71C2CF86500CFC44F /* commander */,
				1FB197AC1C2CF86500CFC44F /* init */,
				1FB197AF1C2CF86500CFC44F /* json */,
				1FB197B21C2CF86500CFC44F /* log */,
				1FB197B71C2CF86500CFC44F /* lua */,
				1FB197F71C2CF86500CFC44F /* test */,
				1FB197F91C2CF86500CFC44F /* util */,
			);
			name = other;
			sourceTree = "<group>";
		};
		1FB197A71C2CF86500CFC44F /* commander */ = {
			isa = PBXGroup;
			children = (
				1FB197A81C2CF86500CFC44F /* cmd_factory.cpp */,
			);
			name = commander;
			path = ../../../common/src/commander;
			sourceTree = "<group>";
		};
		1FB197AC1C2CF86500CFC44F /* init */ = {
			isa = PBXGroup;
			children = (
				1FDCF7B31E95F3D800295D42 /* algo_init.cpp */,
				1FDCF7B41E95F3D800295D42 /* algo_init.h */,
				1FDCF7B51E95F3D800295D42 /* database_init.cpp */,
				1FDCF7B61E95F3D800295D42 /* database_init.h */,
				1FDCF7B71E95F3D800295D42 /* file_init.cpp */,
				1FDCF7B81E95F3D800295D42 /* file_init.h */,
				1FDCF7B91E95F3D800295D42 /* http_init.cpp */,
				1FDCF7BA1E95F3D800295D42 /* http_init.h */,
				1FDCF7BB1E95F3D800295D42 /* tcp_init.cpp */,
				1FDCF7BC1E95F3D800295D42 /* tcp_init.h */,
				1FB197AD1C2CF86500CFC44F /* common.cpp */,
				1FB197AE1C2CF86500CFC44F /* common.h */,
			);
			name = init;
			path = ../../../common/src/init;
			sourceTree = "<group>";
		};
		1FB197AF1C2CF86500CFC44F /* json */ = {
			isa = PBXGroup;
			children = (
				1FFB0CDE1E8E6D6900AC72E3 /* JSONObject.cpp */,
				1FFB0CDF1E8E6D6900AC72E3 /* JSONObject.h */,
			);
			name = json;
			path = ../../../common/src/json;
			sourceTree = "<group>";
		};
		1FB197B21C2CF86500CFC44F /* log */ = {
			isa = PBXGroup;
			children = (
				1FB197B31C2CF86500CFC44F /* log.cpp */,
				1FB197B41C2CF86500CFC44F /* log.h */,
				1FB197B51C2CF86500CFC44F /* log_wrap.cpp */,
				1FB197B61C2CF86500CFC44F /* log_wrap.h */,
			);
			name = log;
			path = ../../../common/src/log;
			sourceTree = "<group>";
		};
		1FB197B71C2CF86500CFC44F /* lua */ = {
			isa = PBXGroup;
			children = (
				1FB197B81C2CF86500CFC44F /* lapi.c */,
				1FB197B91C2CF86500CFC44F /* lapi.h */,
				1FB197BA1C2CF86500CFC44F /* lauxlib.c */,
				1FB197BB1C2CF86500CFC44F /* lauxlib.h */,
				1FB197BC1C2CF86500CFC44F /* lbaselib.c */,
				1FB197BD1C2CF86500CFC44F /* lbitlib.c */,
				1FB197BE1C2CF86500CFC44F /* lcode.c */,
				1FB197BF1C2CF86500CFC44F /* lcode.h */,
				1FB197C01C2CF86500CFC44F /* lcorolib.c */,
				1FB197C11C2CF86500CFC44F /* lctype.c */,
				1FB197C21C2CF86500CFC44F /* lctype.h */,
				1FB197C31C2CF86500CFC44F /* ldblib.c */,
				1FB197C41C2CF86500CFC44F /* ldebug.c */,
				1FB197C51C2CF86500CFC44F /* ldebug.h */,
				1FB197C61C2CF86500CFC44F /* ldo.c */,
				1FB197C71C2CF86500CFC44F /* ldo.h */,
				1FB197C81C2CF86500CFC44F /* ldump.c */,
				1FB197C91C2CF86500CFC44F /* lfunc.c */,
				1FB197CA1C2CF86500CFC44F /* lfunc.h */,
				1FB197CB1C2CF86500CFC44F /* lgc.c */,
				1FB197CC1C2CF86500CFC44F /* lgc.h */,
				1FB197CD1C2CF86500CFC44F /* linit.c */,
				1FB197CE1C2CF86500CFC44F /* liolib.c */,
				1FB197CF1C2CF86500CFC44F /* llex.c */,
				1FB197D01C2CF86500CFC44F /* llex.h */,
				1FB197D11C2CF86500CFC44F /* llimits.h */,
				1FB197D21C2CF86500CFC44F /* lmathlib.c */,
				1FB197D31C2CF86500CFC44F /* lmem.c */,
				1FB197D41C2CF86500CFC44F /* lmem.h */,
				1FB197D51C2CF86500CFC44F /* loadlib.c */,
				1FB197D61C2CF86500CFC44F /* lobject.c */,
				1FB197D71C2CF86500CFC44F /* lobject.h */,
				1FB197D81C2CF86500CFC44F /* lopcodes.c */,
				1FB197D91C2CF86500CFC44F /* lopcodes.h */,
				1FB197DA1C2CF86500CFC44F /* loslib.c */,
				1FB197DB1C2CF86500CFC44F /* lparser.c */,
				1FB197DC1C2CF86500CFC44F /* lparser.h */,
				1FB197DD1C2CF86500CFC44F /* lprefix.h */,
				1FB197DE1C2CF86500CFC44F /* lstate.c */,
				1FB197DF1C2CF86500CFC44F /* lstate.h */,
				1FB197E01C2CF86500CFC44F /* lstring.c */,
				1FB197E11C2CF86500CFC44F /* lstring.h */,
				1FB197E21C2CF86500CFC44F /* lstrlib.c */,
				1FB197E31C2CF86500CFC44F /* ltable.c */,
				1FB197E41C2CF86500CFC44F /* ltable.h */,
				1FB197E51C2CF86500CFC44F /* ltablib.c */,
				1FB197E61C2CF86500CFC44F /* ltm.c */,
				1FB197E71C2CF86500CFC44F /* ltm.h */,
				1FB197E81C2CF86500CFC44F /* lua.c */,
				1FB197E91C2CF86500CFC44F /* lua.h */,
				1FB197EA1C2CF86500CFC44F /* lua.hpp */,
				1FB197EB1C2CF86500CFC44F /* lua_bind.cpp */,
				1FB197EC1C2CF86500CFC44F /* lua_bind.h */,
				1FB197ED1C2CF86500CFC44F /* luac.c */,
				1FB197EE1C2CF86500CFC44F /* luaconf.h */,
				1FB197EF1C2CF86500CFC44F /* lualib.h */,
				1FB197F01C2CF86500CFC44F /* lundump.c */,
				1FB197F11C2CF86500CFC44F /* lundump.h */,
				1FB197F21C2CF86500CFC44F /* lutf8lib.c */,
				1FB197F31C2CF86500CFC44F /* lvm.c */,
				1FB197F41C2CF86500CFC44F /* lvm.h */,
				1FB197F51C2CF86500CFC44F /* lzio.c */,
				1FB197F61C2CF86500CFC44F /* lzio.h */,
			);
			name = lua;
			path = ../../../common/src/lua;
			sourceTree = "<group>";
		};
		1FB197F71C2CF86500CFC44F /* test */ = {
			isa = PBXGroup;
			children = (
				1FB197F81C2CF86500CFC44F /* test_def.h */,
			);
			name = test;
			path = ../../../common/src/test;
			sourceTree = "<group>";
		};
		1FB197F91C2CF86500CFC44F /* util */ = {
			isa = PBXGroup;
			children = (
				1FB197FA1C2CF86500CFC44F /* time.cpp */,
				1FB197FB1C2CF86500CFC44F /* time.h */,
				1FB197FC1C2CF86500CFC44F /* util.cpp */,
				1FB197FD1C2CF86500CFC44F /* util.h */,
				1FB197FE1C2CF86500CFC44F /* UUID.cpp */,
				1FB197FF1C2CF86500CFC44F /* UUID.h */,
			);
			name = util;
			path = ../../../common/src/util;
			sourceTree = "<group>";
		};
		1FB71D0F1C45F48E00412128 /* network */ = {
			isa = PBXGroup;
			children = (
				E32F615F203FFC99006A61CA /* ahttp_wrapper.cpp */,
				E32F6160203FFC9A006A61CA /* ahttp_wrapper.h */,
				E38F8510202DD80000C8A8C7 /* ahttp.cpp */,
				E38F850F202DD80000C8A8C7 /* ahttp.hpp */,
				E38F8512202DD80000C8A8C7 /* ahttp1.cpp */,
				E38F8511202DD80000C8A8C7 /* ahttp1.h */,
			);
			name = network;
			path = ../../../common/src/network;
			sourceTree = "<group>";
		};
		1FDCF8011E95F71400295D42 /* sqlite */ = {
			isa = PBXGroup;
			children = (
				1FDCF8021E95F71400295D42 /* sqlite3.c */,
				1FDCF8031E95F71400295D42 /* sqlite3.h */,
				1FDCF8041E95F71400295D42 /* sqlite3ext.h */,
			);
			name = sqlite;
			path = ../../../3rd/sqlite;
			sourceTree = "<group>";
		};
		1FFB0CE11E8E6F4500AC72E3 /* unzip */ = {
			isa = PBXGroup;
			children = (
				1FFB0CE21E8E6F4500AC72E3 /* ChangeLogUnzip */,
				1FFB0CE31E8E6F4500AC72E3 /* crypt.h */,
				1FFB0CE41E8E6F4500AC72E3 /* ioapi.c */,
				1FFB0CE51E8E6F4500AC72E3 /* ioapi.h */,
				1FFB0CE61E8E6F4500AC72E3 /* iowin32.c */,
				1FFB0CE71E8E6F4500AC72E3 /* iowin32.h */,
				1FFB0CE81E8E6F4500AC72E3 /* Makefile */,
				1FFB0CE91E8E6F4500AC72E3 /* mztools.c */,
				1FFB0CEA1E8E6F4500AC72E3 /* mztools.h */,
				1FFB0CEB1E8E6F4500AC72E3 /* unzip.c */,
				1FFB0CEC1E8E6F4500AC72E3 /* unzip.h */,
				1FFB0CED1E8E6F4500AC72E3 /* zip.c */,
				1FFB0CEE1E8E6F4500AC72E3 /* zip.h */,
			);
			name = unzip;
			path = ../../../3rd/unzip;
			sourceTree = "<group>";
		};
		1FFB0CF51E8E6FE400AC72E3 /* database */ = {
			isa = PBXGroup;
			children = (
				1FFB0CF61E8E6FE400AC72E3 /* sqlite_warp.cpp */,
				1FFB0CF71E8E6FE400AC72E3 /* sqlite_warp.h */,
			);
			name = database;
			path = ../../../common/src/database;
			sourceTree = "<group>";
		};
		E32F6153203E7249006A61CA /* proxy */ = {
			isa = PBXGroup;
			children = (
				E32F6154203E7249006A61CA /* local_proxy.cpp */,
				E32F6155203E7249006A61CA /* local_proxy.h */,
			);
			name = proxy;
			path = ../../../common/src/proxy;
			sourceTree = "<group>";
		};
		E32F6162203FFD4C006A61CA /* state */ = {
			isa = PBXGroup;
			children = (
				E32F6163203FFD4C006A61CA /* state_machine.cpp */,
				E32F6164203FFD4C006A61CA /* state_machine.h */,
			);
			name = state;
			path = ../../../common/src/state;
			sourceTree = "<group>";
		};
		E32F6166203FFD62006A61CA /* ssl */ = {
			isa = PBXGroup;
			children = (
				E32F6167203FFD62006A61CA /* ssl_shake.h */,
				E32F6168203FFD62006A61CA /* ssl_shake.cpp */,
			);
			name = ssl;
			path = ../../../common/src/ssl;
			sourceTree = "<group>";
		};
		E32F616A203FFD8D006A61CA /* uvwrapper */ = {
			isa = PBXGroup;
			children = (
				E32F616B203FFD8D006A61CA /* uv_wrapper.cpp */,
				E32F616C203FFD8D006A61CA /* uv_wrapper.hpp */,
			);
			name = uvwrapper;
			path = ../../../common/src/uvwrapper;
			sourceTree = "<group>";
		};
		E32F616E203FFDA9006A61CA /* common */ = {
			isa = PBXGroup;
			children = (
				E32F616F203FFDA9006A61CA /* string_parser.cpp */,
				E32F6170203FFDA9006A61CA /* common_callback.hpp */,
				E32F6171203FFDA9006A61CA /* char_array.cpp */,
				E32F6172203FFDA9006A61CA /* case_insensitive_map.h */,
				E32F6173203FFDA9006A61CA /* tri_bool.h */,
				E32F6174203FFDA9006A61CA /* string_parser.hpp */,
				E32F6175203FFDA9006A61CA /* case_insensitive_map.cpp */,
				E32F6176203FFDA9006A61CA /* common_callback_err_wrapper.h */,
				E32F6177203FFDA9006A61CA /* common_callback.cpp */,
				E32F6178203FFDA9006A61CA /* char_array.h */,
			);
			name = common;
			path = ../../../common/src/common;
			sourceTree = "<group>";
		};
		E32F617F203FFED4006A61CA /* error */ = {
			isa = PBXGroup;
			children = (
				E32F6180203FFED4006A61CA /* err.h */,
				E32F6181203FFED4006A61CA /* err.cpp */,
				E32F6182203FFED4006A61CA /* error_num.h */,
			);
			name = error;
			path = ../../../common/src/error;
			sourceTree = "<group>";
		};
		E38F8508202DD5B000C8A8C7 /* cert */ = {
			isa = PBXGroup;
			children = (
				E38F8509202DD5B000C8A8C7 /* cert.h */,
				E38F850A202DD5B000C8A8C7 /* cert.cpp */,
			);
			name = cert;
			path = ../../../common/src/cert;
			sourceTree = "<group>";
		};
/* End PBXGroup section */

/* Begin PBXNativeTarget section */
		1FB197371C2CDE4300CFC44F /* Common */ = {
			isa = PBXNativeTarget;
			buildConfigurationList = 1FB197411C2CDE4300CFC44F /* Build configuration list for PBXNativeTarget "Common" */;
			buildPhases = (
				1FB197341C2CDE4300CFC44F /* Sources */,
				1FB197351C2CDE4300CFC44F /* Frameworks */,
				1FB197361C2CDE4300CFC44F /* CopyFiles */,
			);
			buildRules = (
			);
			dependencies = (
			);
			name = Common;
			productName = Common;
			productReference = 1FB197381C2CDE4300CFC44F /* libCommon.a */;
			productType = "com.apple.product-type.library.static";
		};
/* End PBXNativeTarget section */

/* Begin PBXProject section */
		1FB197301C2CDE4300CFC44F /* Project object */ = {
			isa = PBXProject;
			attributes = {
				LastUpgradeCheck = 0720;
				ORGANIZATIONNAME = liuke;
				TargetAttributes = {
					1FB197371C2CDE4300CFC44F = {
						CreatedOnToolsVersion = 7.2;
					};
				};
			};
			buildConfigurationList = 1FB197331C2CDE4300CFC44F /* Build configuration list for PBXProject "Common" */;
			compatibilityVersion = "Xcode 6.3";
			developmentRegion = English;
			hasScannedForEncodings = 0;
			knownRegions = (
				en,
			);
			mainGroup = 1FB1972F1C2CDE4300CFC44F;
			productRefGroup = 1FB197391C2CDE4300CFC44F /* Products */;
			projectDirPath = "";
			projectRoot = "";
			targets = (
				1FB197371C2CDE4300CFC44F /* Common */,
			);
		};
/* End PBXProject section */

/* Begin PBXSourcesBuildPhase section */
		1FB197341C2CDE4300CFC44F /* Sources */ = {
			isa = PBXSourcesBuildPhase;
			buildActionMask = 2147483647;
			files = (
				E38F850E202DD7C700C8A8C7 /* zlib_wrap.cpp in Sources */,
				1FB198171C2CF86500CFC44F /* lmem.c in Sources */,
				1FB1981A1C2CF86500CFC44F /* lopcodes.c in Sources */,
				1FFB0CE01E8E6D6900AC72E3 /* JSONObject.cpp in Sources */,
				1FB198191C2CF86500CFC44F /* lobject.c in Sources */,
				1FFB0CF11E8E6F4500AC72E3 /* Makefile in Sources */,
				1FB198111C2CF86500CFC44F /* lfunc.c in Sources */,
				1FB198211C2CF86500CFC44F /* ltablib.c in Sources */,
				1FFB0CF41E8E6F4500AC72E3 /* zip.c in Sources */,
				E38F8513202DD80000C8A8C7 /* ahttp.cpp in Sources */,
				1F209AD81CAB79D70011D40B /* trees.c in Sources */,
				1FB1982B1C2CF86500CFC44F /* util.cpp in Sources */,
				1FB198161C2CF86500CFC44F /* lmathlib.c in Sources */,
				1FB198101C2CF86500CFC44F /* ldump.c in Sources */,
				1FB1981D1C2CF86500CFC44F /* lstate.c in Sources */,
				1FFB0CF01E8E6F4500AC72E3 /* iowin32.c in Sources */,
				1FB1981C1C2CF86500CFC44F /* lparser.c in Sources */,
				1F209AD01CAB79D70011D40B /* adler32.c in Sources */,
				E32F6165203FFD4C006A61CA /* state_machine.cpp in Sources */,
				1FB198281C2CF86500CFC44F /* lvm.c in Sources */,
				1FB1981F1C2CF86500CFC44F /* lstrlib.c in Sources */,
				1F209AD11CAB79D70011D40B /* compress.c in Sources */,
				1FB198051C2CF86500CFC44F /* log_wrap.cpp in Sources */,
				E38F8514202DD80000C8A8C7 /* ahttp1.cpp in Sources */,
				1FB198001C2CF86500CFC44F /* cmd_factory.cpp in Sources */,
				E32F6156203E7249006A61CA /* local_proxy.cpp in Sources */,
				1F209ADD1CAB7A0A0011D40B /* compress.cpp in Sources */,
				1FB1980D1C2CF86500CFC44F /* ldblib.c in Sources */,
				1FDCF7BD1E95F3D800295D42 /* algo_init.cpp in Sources */,
				1FB198221C2CF86500CFC44F /* ltm.c in Sources */,
				1F209ADA1CAB79D70011D40B /* zutil.c in Sources */,
				1F209AD41CAB79D70011D40B /* infback.c in Sources */,
				E32F6183203FFED4006A61CA /* err.cpp in Sources */,
				1FB1980A1C2CF86500CFC44F /* lcode.c in Sources */,
				1FFB0CF81E8E6FE400AC72E3 /* sqlite_warp.cpp in Sources */,
				1FB198121C2CF86500CFC44F /* lgc.c in Sources */,
				1FDCFA3E1E95FC3C00295D42 /* crypto_wrap.cpp in Sources */,
				1FB198291C2CF86500CFC44F /* lzio.c in Sources */,
				1FB1973E1C2CDE4300CFC44F /* bizlayer.mm in Sources */,
				1FB198071C2CF86500CFC44F /* lauxlib.c in Sources */,
				E32F617B203FFDA9006A61CA /* case_insensitive_map.cpp in Sources */,
				1FB198201C2CF86500CFC44F /* ltable.c in Sources */,
				1FB198041C2CF86500CFC44F /* log.cpp in Sources */,
				1FB198251C2CF86500CFC44F /* luac.c in Sources */,
				E32F617A203FFDA9006A61CA /* char_array.cpp in Sources */,
				1F209AD51CAB79D70011D40B /* inffast.c in Sources */,
				1FB198141C2CF86500CFC44F /* liolib.c in Sources */,
				1F209AD61CAB79D70011D40B /* inflate.c in Sources */,
				E32F616D203FFD8E006A61CA /* uv_wrapper.cpp in Sources */,
				1FFB0CEF1E8E6F4500AC72E3 /* ioapi.c in Sources */,
				1FB1982C1C2CF86500CFC44F /* UUID.cpp in Sources */,
				1FB198181C2CF86500CFC44F /* loadlib.c in Sources */,
				1FB198081C2CF86500CFC44F /* lbaselib.c in Sources */,
				1FB198151C2CF86500CFC44F /* llex.c in Sources */,
				1FFB0CF31E8E6F4500AC72E3 /* unzip.c in Sources */,
				E32F6179203FFDA9006A61CA /* string_parser.cpp in Sources */,
				E32F6161203FFC9A006A61CA /* ahttp_wrapper.cpp in Sources */,
				1FB198271C2CF86500CFC44F /* lutf8lib.c in Sources */,
				1FDCF7C01E95F3D800295D42 /* http_init.cpp in Sources */,
				1FDCF7BE1E95F3D800295D42 /* database_init.cpp in Sources */,
				1FB198231C2CF86500CFC44F /* lua.c in Sources */,
				E32F617C203FFDA9006A61CA /* common_callback.cpp in Sources */,
				1F209AD21CAB79D70011D40B /* crc32.c in Sources */,
				1FB1980B1C2CF86500CFC44F /* lcorolib.c in Sources */,
				1FB197581C2CE4FE00CFC44F /* JsonHelper.m in Sources */,
				E38F850B202DD5B000C8A8C7 /* cert.cpp in Sources */,
				1F209AD91CAB79D70011D40B /* uncompr.c in Sources */,
				1FB1980C1C2CF86500CFC44F /* lctype.c in Sources */,
				1FB198241C2CF86500CFC44F /* lua_bind.cpp in Sources */,
				1FFB0CF21E8E6F4500AC72E3 /* mztools.c in Sources */,
				1FDCF7BF1E95F3D800295D42 /* file_init.cpp in Sources */,
				1FDCF8051E95F71400295D42 /* sqlite3.c in Sources */,
				1FB1980E1C2CF86500CFC44F /* ldebug.c in Sources */,
				1FB1981E1C2CF86500CFC44F /* lstring.c in Sources */,
				1FDCF7C11E95F3D800295D42 /* tcp_init.cpp in Sources */,
				1FB198091C2CF86500CFC44F /* lbitlib.c in Sources */,
				1FB1981B1C2CF86500CFC44F /* loslib.c in Sources */,
				1FB1982A1C2CF86500CFC44F /* time.cpp in Sources */,
				1FB198261C2CF86500CFC44F /* lundump.c in Sources */,
				1F209AD31CAB79D70011D40B /* deflate.c in Sources */,
				1F209AD71CAB79D70011D40B /* inftrees.c in Sources */,
				E32F6169203FFD62006A61CA /* ssl_shake.cpp in Sources */,
				1FB198131C2CF86500CFC44F /* linit.c in Sources */,
				1FB1980F1C2CF86500CFC44F /* ldo.c in Sources */,
				1FB198061C2CF86500CFC44F /* lapi.c in Sources */,
				1FB198021C2CF86500CFC44F /* common.cpp in Sources */,
			);
			runOnlyForDeploymentPostprocessing = 0;
		};
/* End PBXSourcesBuildPhase section */

/* Begin XCBuildConfiguration section */
		1FB1973F1C2CDE4300CFC44F /* Debug */ = {
			isa = XCBuildConfiguration;
			buildSettings = {
				ALWAYS_SEARCH_USER_PATHS = NO;
				CLANG_CXX_LANGUAGE_STANDARD = "gnu++0x";
				CLANG_CXX_LIBRARY = "libc++";
				CLANG_ENABLE_MODULES = YES;
				CLANG_ENABLE_OBJC_ARC = YES;
				CLANG_WARN_BOOL_CONVERSION = YES;
				CLANG_WARN_CONSTANT_CONVERSION = YES;
				CLANG_WARN_DIRECT_OBJC_ISA_USAGE = YES_ERROR;
				CLANG_WARN_EMPTY_BODY = YES;
				CLANG_WARN_ENUM_CONVERSION = YES;
				CLANG_WARN_INT_CONVERSION = YES;
				CLANG_WARN_OBJC_ROOT_CLASS = YES_ERROR;
				CLANG_WARN_UNREACHABLE_CODE = YES;
				CLANG_WARN__DUPLICATE_METHOD_MATCH = YES;
				"CODE_SIGN_IDENTITY[sdk=iphoneos*]" = "iPhone Developer";
				COPY_PHASE_STRIP = NO;
				DEBUG_INFORMATION_FORMAT = dwarf;
				ENABLE_STRICT_OBJC_MSGSEND = YES;
				ENABLE_TESTABILITY = YES;
				FRAMEWORK_SEARCH_PATHS = "$(PROJECT_DIR)/../lib";
				GCC_C_LANGUAGE_STANDARD = gnu99;
				GCC_DYNAMIC_NO_PIC = NO;
				GCC_NO_COMMON_BLOCKS = YES;
				GCC_OPTIMIZATION_LEVEL = 0;
				GCC_PREPROCESSOR_DEFINITIONS = (
					"DEBUG=1",
					"$(inherited)",
				);
				GCC_WARN_64_TO_32_BIT_CONVERSION = YES;
				GCC_WARN_ABOUT_RETURN_TYPE = YES_ERROR;
				GCC_WARN_UNDECLARED_SELECTOR = YES;
				GCC_WARN_UNINITIALIZED_AUTOS = YES_AGGRESSIVE;
				GCC_WARN_UNUSED_FUNCTION = YES;
				GCC_WARN_UNUSED_VARIABLE = YES;
				HEADER_SEARCH_PATHS = (
					"$(PROJECT_DIR)/../../../3rd/jsoncpp/dist",
					"$(PROJECT_DIR)/../../../common/src",
					"$(PROJECT_DIR)/../../../common/header",
				);
				IPHONEOS_DEPLOYMENT_TARGET = 8.0;
				MTL_ENABLE_DEBUG_INFO = YES;
				ONLY_ACTIVE_ARCH = YES;
				SDKROOT = iphoneos;
				USE_HEADERMAP = YES;
			};
			name = Debug;
		};
		1FB197401C2CDE4300CFC44F /* Release */ = {
			isa = XCBuildConfiguration;
			buildSettings = {
				ALWAYS_SEARCH_USER_PATHS = NO;
				CLANG_CXX_LANGUAGE_STANDARD = "gnu++0x";
				CLANG_CXX_LIBRARY = "libc++";
				CLANG_ENABLE_MODULES = YES;
				CLANG_ENABLE_OBJC_ARC = YES;
				CLANG_WARN_BOOL_CONVERSION = YES;
				CLANG_WARN_CONSTANT_CONVERSION = YES;
				CLANG_WARN_DIRECT_OBJC_ISA_USAGE = YES_ERROR;
				CLANG_WARN_EMPTY_BODY = YES;
				CLANG_WARN_ENUM_CONVERSION = YES;
				CLANG_WARN_INT_CONVERSION = YES;
				CLANG_WARN_OBJC_ROOT_CLASS = YES_ERROR;
				CLANG_WARN_UNREACHABLE_CODE = YES;
				CLANG_WARN__DUPLICATE_METHOD_MATCH = YES;
				"CODE_SIGN_IDENTITY[sdk=iphoneos*]" = "iPhone Developer";
				COPY_PHASE_STRIP = NO;
				DEBUG_INFORMATION_FORMAT = "dwarf-with-dsym";
				ENABLE_NS_ASSERTIONS = NO;
				ENABLE_STRICT_OBJC_MSGSEND = YES;
				FRAMEWORK_SEARCH_PATHS = "$(PROJECT_DIR)/../lib";
				GCC_C_LANGUAGE_STANDARD = gnu99;
				GCC_NO_COMMON_BLOCKS = YES;
				GCC_WARN_64_TO_32_BIT_CONVERSION = YES;
				GCC_WARN_ABOUT_RETURN_TYPE = YES_ERROR;
				GCC_WARN_UNDECLARED_SELECTOR = YES;
				GCC_WARN_UNINITIALIZED_AUTOS = YES_AGGRESSIVE;
				GCC_WARN_UNUSED_FUNCTION = YES;
				GCC_WARN_UNUSED_VARIABLE = YES;
				HEADER_SEARCH_PATHS = (
					"$(PROJECT_DIR)/../../../3rd/jsoncpp/dist",
					"$(PROJECT_DIR)/../../../common/src",
					"$(PROJECT_DIR)/../../../common/header",
				);
				IPHONEOS_DEPLOYMENT_TARGET = 8.0;
				MTL_ENABLE_DEBUG_INFO = NO;
				SDKROOT = iphoneos;
				USE_HEADERMAP = YES;
				VALIDATE_PRODUCT = YES;
			};
			name = Release;
		};
		1FB197421C2CDE4300CFC44F /* Debug */ = {
			isa = XCBuildConfiguration;
			buildSettings = {
				CLANG_CXX_LANGUAGE_STANDARD = "c++0x";
				CLANG_WARN_BOOL_CONVERSION = YES;
				ENABLE_ON_DEMAND_RESOURCES = NO;
				GCC_C_LANGUAGE_STANDARD = c99;
				GCC_PREPROCESSOR_DEFINITIONS = (
					"$(inherited)",
					IOS,
				);
				GCC_WARN_64_TO_32_BIT_CONVERSION = NO;
				"GCC_WARN_64_TO_32_BIT_CONVERSION[arch=*64]" = YES;
				HEADER_SEARCH_PATHS = (
					"$(PROJECT_DIR)/../../../3rd/jsoncpp/dist",
					"$(PROJECT_DIR)/../../../common/src",
					"$(PROJECT_DIR)/../../../common/header",
					"$(PROJECT_DIR)/../../../3rd/unzip",
					"$(PROJECT_DIR)/../../../3rd/openssl_header",
					"$(PROJECT_DIR)/../../../3rd/libuv-1.x/include",
				);
				ONLY_ACTIVE_ARCH = NO;
				OTHER_LDFLAGS = "-ObjC";
				PRODUCT_NAME = "$(TARGET_NAME)";
				SEPARATE_STRIP = YES;
				SKIP_INSTALL = YES;
				USER_HEADER_SEARCH_PATHS = "$(PROJECT_DIR)/../../../3rd/curl/curl_ios/include $(PROJECT_DIR)/../../../3rd/cryptopp_ios";
				VALID_ARCHS = "arm64 armv7 armv7s x86_64";
			};
			name = Debug;
		};
		1FB197431C2CDE4300CFC44F /* Release */ = {
			isa = XCBuildConfiguration;
			buildSettings = {
				CLANG_CXX_LANGUAGE_STANDARD = "c++0x";
				CLANG_WARN_BOOL_CONVERSION = YES;
				ENABLE_ON_DEMAND_RESOURCES = NO;
				GCC_C_LANGUAGE_STANDARD = c99;
				GCC_PREPROCESSOR_DEFINITIONS = IOS;
				GCC_WARN_64_TO_32_BIT_CONVERSION = NO;
				"GCC_WARN_64_TO_32_BIT_CONVERSION[arch=*64]" = YES;
				HEADER_SEARCH_PATHS = (
					"$(PROJECT_DIR)/../../../3rd/jsoncpp/dist",
					"$(PROJECT_DIR)/../../../common/src",
					"$(PROJECT_DIR)/../../../common/header",
					"$(PROJECT_DIR)/../../../3rd/unzip",
					"$(PROJECT_DIR)/../../../3rd/openssl_header",
					"$(PROJECT_DIR)/../../../3rd/libuv-1.x/include",
				);
				ONLY_ACTIVE_ARCH = NO;
				OTHER_CFLAGS = "-DNS_BLOCK_ASSERTIONS=1";
				OTHER_LDFLAGS = "-ObjC";
				PRODUCT_NAME = "$(TARGET_NAME)";
				SEPARATE_STRIP = YES;
				SKIP_INSTALL = YES;
				USER_HEADER_SEARCH_PATHS = "$(PROJECT_DIR)/../../../3rd/curl/curl_ios/include $(PROJECT_DIR)/../../../3rd/cryptopp_ios";
				VALID_ARCHS = "arm64 armv7 armv7s x86_64";
			};
			name = Release;
		};
/* End XCBuildConfiguration section */

/* Begin XCConfigurationList section */
		1FB197331C2CDE4300CFC44F /* Build configuration list for PBXProject "Common" */ = {
			isa = XCConfigurationList;
			buildConfigurations = (
				1FB1973F1C2CDE4300CFC44F /* Debug */,
				1FB197401C2CDE4300CFC44F /* Release */,
			);
			defaultConfigurationIsVisible = 0;
			defaultConfigurationName = Release;
		};
		1FB197411C2CDE4300CFC44F /* Build configuration list for PBXNativeTarget "Common" */ = {
			isa = XCConfigurationList;
			buildConfigurations = (
				1FB197421C2CDE4300CFC44F /* Debug */,
				1FB197431C2CDE4300CFC44F /* Release */,
			);
			defaultConfigurationIsVisible = 0;
			defaultConfigurationName = Release;
		};
/* End XCConfigurationList section */
	};
	rootObject = 1FB197301C2CDE4300CFC44F /* Project object */;
}
